
Microsoft Visual Studio Solution File, Format Version 12.00
# Visual Studio Version 16
VisualStudioVersion = 16.0.31129.286
MinimumVisualStudioVersion = 10.0.40219.1
Project("{FAE04EC0-301F-11D3-BF4B-00C04F79EFBC}") = "SearchInBases", "SearchInBases\SearchInBases.csproj", "{F103B879-52AF-45D0-87AE-84460CE6075D}"
EndProject
Global
	GlobalSection(SolutionConfigurationPlatforms) = preSolution
		Debug|Any CPU = Debug|Any CPU
		Release|Any CPU = Release|Any CPU
	EndGlobalSection
	GlobalSection(ProjectConfigurationPlatforms) = postSolution
		{F103B879-52AF-45D0-87AE-84460CE6075D}.Debug|Any CPU.ActiveCfg = Debug|Any CPU
		{F103B879-52AF-45D0-87AE-84460CE6075D}.Debug|Any CPU.Build.0 = Debug|Any CPU
		{F103B879-52AF-45D0-87AE-84460CE6075D}.Release|Any CPU.ActiveCfg = Release|Any CPU
		{F103B879-52AF-45D0-87AE-84460CE6075D}.Release|Any CPU.Build.0 = Release|Any CPU
	EndGlobalSection
	GlobalSection(SolutionProperties) = preSolution
		HideSolutionNode = FALSE
	EndGlobalSection
	GlobalSection(ExtensibilityGlobals) = postSolution
		SolutionGuid = {2F9A0B4B-57F3-4FB9-8B67-B4CEAAF19A9F}
	EndGlobalSection
EndGlobal
